
Microsoft Visual Studio Solution File, Format Version 12.00
# Visual Studio Version 17
VisualStudioVersion = 17.7.34031.279
MinimumVisualStudioVersion = 10.0.40219.1
Project("{FAE04EC0-301F-11D3-BF4B-00C04F79EFBC}") = "SeleniumQA", "SeleniumQA.csproj", "{8E97A2EC-8DFA-4BD8-B49A-8B669F481D69}"
EndProject
Global
	GlobalSection(SolutionConfigurationPlatforms) = preSolution
		Debug|Any CPU = Debug|Any CPU
		Release|Any CPU = Release|Any CPU
	EndGlobalSection
	GlobalSection(ProjectConfigurationPlatforms) = postSolution
		{8E97A2EC-8DFA-4BD8-B49A-8B669F481D69}.Debug|Any CPU.ActiveCfg = Debug|Any CPU
		{8E97A2EC-8DFA-4BD8-B49A-8B669F481D69}.Debug|Any CPU.Build.0 = Debug|Any CPU
		{8E97A2EC-8DFA-4BD8-B49A-8B669F481D69}.Release|Any CPU.ActiveCfg = Release|Any CPU
		{8E97A2EC-8DFA-4BD8-B49A-8B669F481D69}.Release|Any CPU.Build.0 = Release|Any CPU
	EndGlobalSection
	GlobalSection(SolutionProperties) = preSolution
		HideSolutionNode = FALSE
	EndGlobalSection
	GlobalSection(ExtensibilityGlobals) = postSolution
		SolutionGuid = {528A1DC3-B952-48C7-AD75-0470CB975285}
	EndGlobalSection
EndGlobal
